
Microsoft Visual Studio Solution File, Format Version 12.00
# Visual Studio Version 17
VisualStudioVersion = 17.9.34728.123
MinimumVisualStudioVersion = 10.0.40219.1
Project("{FAE04EC0-301F-11D3-BF4B-00C04F79EFBC}") = "Prog005", "Prog005\Prog005.csproj", "{31DED8E7-0708-4591-9ABC-CB380E34F90E}"
EndProject
Global
	GlobalSection(SolutionConfigurationPlatforms) = preSolution
		Debug|Any CPU = Debug|Any CPU
		Release|Any CPU = Release|Any CPU
	EndGlobalSection
	GlobalSection(ProjectConfigurationPlatforms) = postSolution
		{31DED8E7-0708-4591-9ABC-CB380E34F90E}.Debug|Any CPU.ActiveCfg = Debug|Any CPU
		{31DED8E7-0708-4591-9ABC-CB380E34F90E}.Debug|Any CPU.Build.0 = Debug|Any CPU
		{31DED8E7-0708-4591-9ABC-CB380E34F90E}.Release|Any CPU.ActiveCfg = Release|Any CPU
		{31DED8E7-0708-4591-9ABC-CB380E34F90E}.Release|Any CPU.Build.0 = Release|Any CPU
	EndGlobalSection
	GlobalSection(SolutionProperties) = preSolution
		HideSolutionNode = FALSE
	EndGlobalSection
	GlobalSection(ExtensibilityGlobals) = postSolution
		SolutionGuid = {9F8FE6E7-60C7-4B1B-BE3A-D50013598413}
	EndGlobalSection
EndGlobal
